PODS:
  - Alamofire (5.10.0)
  - KeychainSwift (20.0.0)
  - Moya (15.0.0):
    - Moya/Core (= 15.0.0)
  - Moya/Core (15.0.0):
    - Alamofire (~> 5.0)
  - ReachabilitySwift (5.2.4)
  - SnapKit (5.0.1)

DEPENDENCIES:
  - KeychainSwift (~> 20.0)
  - Moya (~> 15.0)
  - ReachabilitySwift
  - SnapKit (~> 5.0.0)

SPEC REPOS:
  trunk:
    - Alamofire
    - KeychainSwift
    - Moya
    - ReachabilitySwift
    - SnapKit

SPEC CHECKSUMS:
  Alamofire: cd0b98508df05796dd2ff278f3bb055a631b5390
  KeychainSwift: 0ce6a4d13f7228054d1a71bb1b500448fb2ab837
  Moya: 138f0573e53411fb3dc17016add0b748dfbd78ee
  ReachabilitySwift: 32793e867593cfc1177f5d16491e3a197d2fccda
  SnapKit: 97b92857e3df3a0c71833cce143274bf6ef8e5eb

PODFILE CHECKSUM: 5db34285d331ad7c6702ad29c95767d0683c1728

COCOAPODS: 1.13.0
