// !$*UTF8*$!
{
	archiveVersion = 1;
	classes = {
	};
	objectVersion = 56;
	objects = {

/* Begin PBXBuildFile section */
		4061B8DFFEC52EF1268906C9 /* Pods_Dezis.framework in Frameworks */ = {isa = PBXBuildFile; fileRef = 9D594A6880D984FC3775947A /* Pods_Dezis.framework */; };
		72D39B912CB1511C00D9EB45 /* AdminTabBarController.swift in Sources */ = {isa = PBXBuildFile; fileRef = 72D39B822CB1511C00D9EB45 /* AdminTabBarController.swift */; };
		72D39B922CB1511C00D9EB45 /* AdminHomeViewController.swift in Sources */ = {isa = PBXBuildFile; fileRef = 72D39B832CB1511C00D9EB45 /* AdminHomeViewController.swift */; };
		72D39B932CB1511C00D9EB45 /* AdminChatViewController.swift in Sources */ = {isa = PBXBuildFile; fileRef = 72D39B8E2CB1511C00D9EB45 /* AdminChatViewController.swift */; };
		72D39B942CB1511C00D9EB45 /* AdminProfileViewController.swift in Sources */ = {isa = PBXBuildFile; fileRef = 72D39B882CB1511C00D9EB45 /* AdminProfileViewController.swift */; };
		72D39B962CB1511C00D9EB45 /* SettingsCell.swift in Sources */ = {isa = PBXBuildFile; fileRef = 72D39B8C2CB1511C00D9EB45 /* SettingsCell.swift */; };
		72D39B982CB1511C00D9EB45 /* AdminOrdersViewController.swift in Sources */ = {isa = PBXBuildFile; fileRef = 72D39B842CB1511C00D9EB45 /* AdminOrdersViewController.swift */; };
		72D39B992CB1511C00D9EB45 /* OrdersCollectionViewCell.swift in Sources */ = {isa = PBXBuildFile; fileRef = 72D39B852CB1511C00D9EB45 /* OrdersCollectionViewCell.swift */; };
		72D39B9A2CB1511C00D9EB45 /* AdminPersonalAccountViewController.swift in Sources */ = {isa = PBXBuildFile; fileRef = 72D39B872CB1511C00D9EB45 /* AdminPersonalAccountViewController.swift */; };
		72D39B9B2CB1511C00D9EB45 /* AdminSettingsViewController.swift in Sources */ = {isa = PBXBuildFile; fileRef = 72D39B8B2CB1511C00D9EB45 /* AdminSettingsViewController.swift */; };
		72D39B9C2CB1511C00D9EB45 /* ProfileDetailsCell.swift in Sources */ = {isa = PBXBuildFile; fileRef = 72D39B892CB1511C00D9EB45 /* ProfileDetailsCell.swift */; };
		AF4B1DD12C9AE38E00FDA3EC /* AppDelegate.swift in Sources */ = {isa = PBXBuildFile; fileRef = AF4B1DD02C9AE38E00FDA3EC /* AppDelegate.swift */; };
		AF4B1DD32C9AE38E00FDA3EC /* SceneDelegate.swift in Sources */ = {isa = PBXBuildFile; fileRef = AF4B1DD22C9AE38E00FDA3EC /* SceneDelegate.swift */; };
		AF4B1DDA2C9AE39000FDA3EC /* Assets.xcassets in Resources */ = {isa = PBXBuildFile; fileRef = AF4B1DD92C9AE39000FDA3EC /* Assets.xcassets */; };
		AF4B1DDD2C9AE39000FDA3EC /* Base in Resources */ = {isa = PBXBuildFile; fileRef = AF4B1DDC2C9AE39000FDA3EC /* Base */; };
		AF4B1DE92C9AEEC600FDA3EC /* Profile.swift in Sources */ = {isa = PBXBuildFile; fileRef = AF4B1DE82C9AEEC600FDA3EC /* Profile.swift */; };
		AF4B1DF12C9B153C00FDA3EC /* HexExtention.swift in Sources */ = {isa = PBXBuildFile; fileRef = AF4B1DF02C9B153C00FDA3EC /* HexExtention.swift */; };
		AF4B1DF52C9B28ED00FDA3EC /* ClientLoginViewController.swift in Sources */ = {isa = PBXBuildFile; fileRef = AF4B1DF42C9B28ED00FDA3EC /* ClientLoginViewController.swift */; };
		AF4B1DF92C9B32A300FDA3EC /* SuccessViewController.swift in Sources */ = {isa = PBXBuildFile; fileRef = AF4B1DF82C9B32A300FDA3EC /* SuccessViewController.swift */; };
		AF4B1DFB2C9B42D300FDA3EC /* NewUserRegisterViewController.swift in Sources */ = {isa = PBXBuildFile; fileRef = AF4B1DFA2C9B42D300FDA3EC /* NewUserRegisterViewController.swift */; };
		AF4B1DFD2C9B52AE00FDA3EC /* СonfirmationСodeViewController.swift in Sources */ = {isa = PBXBuildFile; fileRef = AF4B1DFC2C9B52AE00FDA3EC /* СonfirmationСodeViewController.swift */; };
		AF4B1E022C9C17BA00FDA3EC /* EndPoint.swift in Sources */ = {isa = PBXBuildFile; fileRef = AF4B1E012C9C17B900FDA3EC /* EndPoint.swift */; };
		AF4B1E052C9C1C8B00FDA3EC /* URLSession+Extension.swift in Sources */ = {isa = PBXBuildFile; fileRef = AF4B1E042C9C1C8B00FDA3EC /* URLSession+Extension.swift */; };
		AF4B1E072C9C1F6000FDA3EC /* NetworkError.swift in Sources */ = {isa = PBXBuildFile; fileRef = AF4B1E062C9C1F6000FDA3EC /* NetworkError.swift */; };
		AF4B1E092C9C221000FDA3EC /* NetworkRequest.swift in Sources */ = {isa = PBXBuildFile; fileRef = AF4B1E082C9C221000FDA3EC /* NetworkRequest.swift */; };
		AF4B1E0B2C9C24D300FDA3EC /* NetworkDataFetch.swift in Sources */ = {isa = PBXBuildFile; fileRef = AF4B1E0A2C9C24D300FDA3EC /* NetworkDataFetch.swift */; };
		AF4B1E0D2C9D9B3500FDA3EC /* ClientTabBarController.swift in Sources */ = {isa = PBXBuildFile; fileRef = AF4B1E0C2C9D9B3500FDA3EC /* ClientTabBarController.swift */; };
		AF4B1E0F2C9D9B8200FDA3EC /* ClientHomeViewController.swift in Sources */ = {isa = PBXBuildFile; fileRef = AF4B1E0E2C9D9B8200FDA3EC /* ClientHomeViewController.swift */; };
		AF4B1E132C9D9C2F00FDA3EC /* ServicesViewController.swift in Sources */ = {isa = PBXBuildFile; fileRef = AF4B1E122C9D9C2F00FDA3EC /* ServicesViewController.swift */; };
		AF4B1E152C9D9CB400FDA3EC /* PersonalAccountViewController.swift in Sources */ = {isa = PBXBuildFile; fileRef = AF4B1E142C9D9CB400FDA3EC /* PersonalAccountViewController.swift */; };
		AF4B1E172C9FFF3200FDA3EC /* LabelSettings.swift in Sources */ = {isa = PBXBuildFile; fileRef = AF4B1E162C9FFF3200FDA3EC /* LabelSettings.swift */; };
		AF4B1E192CA0202000FDA3EC /* TextFieldSettings.swift in Sources */ = {isa = PBXBuildFile; fileRef = AF4B1E182CA0202000FDA3EC /* TextFieldSettings.swift */; };
		AF4B1E1B2CA0222A00FDA3EC /* ButtonSettings.swift in Sources */ = {isa = PBXBuildFile; fileRef = AF4B1E1A2CA0222A00FDA3EC /* ButtonSettings.swift */; };
		AF4B1E1D2CA05B5200FDA3EC /* ImageSettings.swift in Sources */ = {isa = PBXBuildFile; fileRef = AF4B1E1C2CA05B5200FDA3EC /* ImageSettings.swift */; };
		AF4B1E1F2CA06E5500FDA3EC /* SettingsViewController.swift in Sources */ = {isa = PBXBuildFile; fileRef = AF4B1E1E2CA06E5500FDA3EC /* SettingsViewController.swift */; };
		AF4B1E212CA06E6C00FDA3EC /* UserInfoViewController.swift in Sources */ = {isa = PBXBuildFile; fileRef = AF4B1E202CA06E6C00FDA3EC /* UserInfoViewController.swift */; };
		AF4B1E232CA06E7E00FDA3EC /* AboutUsViewController.swift in Sources */ = {isa = PBXBuildFile; fileRef = AF4B1E222CA06E7E00FDA3EC /* AboutUsViewController.swift */; };
		AF4B1E262CA0727300FDA3EC /* ClientErrorViewController.swift in Sources */ = {isa = PBXBuildFile; fileRef = AF4B1E252CA0727300FDA3EC /* ClientErrorViewController.swift */; };
		AF4B1E282CA0729300FDA3EC /* ServerErrorViewController.swift in Sources */ = {isa = PBXBuildFile; fileRef = AF4B1E272CA0729300FDA3EC /* ServerErrorViewController.swift */; };
		AF4B1E2B2CA0736200FDA3EC /* ClientChatViewController.swift in Sources */ = {isa = PBXBuildFile; fileRef = AF4B1E2A2CA0736200FDA3EC /* ClientChatViewController.swift */; };
		AF4B1E2D2CA19C6000FDA3EC /* ChekBoxButton.swift in Sources */ = {isa = PBXBuildFile; fileRef = AF4B1E2C2CA19C6000FDA3EC /* ChekBoxButton.swift */; };
		AF74D5502CA7C97B00B64D6E /* KeychainManager.swift in Sources */ = {isa = PBXBuildFile; fileRef = AF74D54F2CA7C97B00B64D6E /* KeychainManager.swift */; };
		AF74D5522CA7EB3200B64D6E /* NewUserRegistratinSecondPageViewController.swift in Sources */ = {isa = PBXBuildFile; fileRef = AF74D5512CA7EB3200B64D6E /* NewUserRegistratinSecondPageViewController.swift */; };
		AF74D5562CAACEAC00B64D6E /* FirstStackView.swift in Sources */ = {isa = PBXBuildFile; fileRef = AF74D5552CAACEAC00B64D6E /* FirstStackView.swift */; };
		AF74D55E2CAB1E5400B64D6E /* GradientLayer.swift in Sources */ = {isa = PBXBuildFile; fileRef = AF74D55D2CAB1E5400B64D6E /* GradientLayer.swift */; };
		AF74D5622CAB26CB00B64D6E /* SuccessAlertForOrderButtonViewController.swift in Sources */ = {isa = PBXBuildFile; fileRef = AF74D5612CAB26CB00B64D6E /* SuccessAlertForOrderButtonViewController.swift */; };
		AF74D5652CAC238600B64D6E /* CustomCellForServicesCollectionView.swift in Sources */ = {isa = PBXBuildFile; fileRef = AF74D5642CAC238600B64D6E /* CustomCellForServicesCollectionView.swift */; };
		AF74D5672CACF36F00B64D6E /* DeratizationViewController.swift in Sources */ = {isa = PBXBuildFile; fileRef = AF74D5662CACF36F00B64D6E /* DeratizationViewController.swift */; };
		AF74D5692CACF39400B64D6E /* DezinsectionViewController.swift in Sources */ = {isa = PBXBuildFile; fileRef = AF74D5682CACF39400B64D6E /* DezinsectionViewController.swift */; };
		AF74D56B2CACF3A900B64D6E /* DezinfectionViewController.swift in Sources */ = {isa = PBXBuildFile; fileRef = AF74D56A2CACF3A900B64D6E /* DezinfectionViewController.swift */; };
		AF74D56D2CAD835C00B64D6E /* CalendarViewController.swift in Sources */ = {isa = PBXBuildFile; fileRef = AF74D56C2CAD835C00B64D6E /* CalendarViewController.swift */; };
		AF74D5752CB1171700B64D6E /* FifthOnboardingViewController.swift in Sources */ = {isa = PBXBuildFile; fileRef = AF74D56E2CB1171700B64D6E /* FifthOnboardingViewController.swift */; };
		AF74D5762CB1171700B64D6E /* FirstOnboardingViewController.swift in Sources */ = {isa = PBXBuildFile; fileRef = AF74D56F2CB1171700B64D6E /* FirstOnboardingViewController.swift */; };
		AF74D5772CB1171700B64D6E /* ForthOnboardingViewController.swift in Sources */ = {isa = PBXBuildFile; fileRef = AF74D5702CB1171700B64D6E /* ForthOnboardingViewController.swift */; };
		AF74D5782CB1171700B64D6E /* OnboardingPageViewController.swift in Sources */ = {isa = PBXBuildFile; fileRef = AF74D5712CB1171700B64D6E /* OnboardingPageViewController.swift */; };
		AF74D5792CB1171700B64D6E /* SecondOnboardingViewController.swift in Sources */ = {isa = PBXBuildFile; fileRef = AF74D5722CB1171700B64D6E /* SecondOnboardingViewController.swift */; };
		AF74D57A2CB1171700B64D6E /* ThirdOnboardingViewController.swift in Sources */ = {isa = PBXBuildFile; fileRef = AF74D5732CB1171700B64D6E /* ThirdOnboardingViewController.swift */; };
		AF74D57C2CB1179C00B64D6E /* LaunchScreen.storyboard in Resources */ = {isa = PBXBuildFile; fileRef = AF74D57B2CB1179C00B64D6E /* LaunchScreen.storyboard */; };
		AF74D57E2CB14B7700B64D6E /* DezinsectionView.swift in Sources */ = {isa = PBXBuildFile; fileRef = AF74D57D2CB14B7700B64D6E /* DezinsectionView.swift */; };
		AF9F2FEC2CA6BA1A00BBBB2C /* AttributedTextHelper.swift in Sources */ = {isa = PBXBuildFile; fileRef = AF9F2FEB2CA6BA1A00BBBB2C /* AttributedTextHelper.swift */; };
		AF9F2FEE2CA6D3CF00BBBB2C /* ImagePicker.swift in Sources */ = {isa = PBXBuildFile; fileRef = AF9F2FED2CA6D3CF00BBBB2C /* ImagePicker.swift */; };
/* End PBXBuildFile section */

/* Begin PBXFileReference section */
		72D39B822CB1511C00D9EB45 /* AdminTabBarController.swift */ = {isa = PBXFileReference; lastKnownFileType = sourcecode.swift; path = AdminTabBarController.swift; sourceTree = "<group>"; };
		72D39B832CB1511C00D9EB45 /* AdminHomeViewController.swift */ = {isa = PBXFileReference; lastKnownFileType = sourcecode.swift; path = AdminHomeViewController.swift; sourceTree = "<group>"; };
		72D39B842CB1511C00D9EB45 /* AdminOrdersViewController.swift */ = {isa = PBXFileReference; lastKnownFileType = sourcecode.swift; path = AdminOrdersViewController.swift; sourceTree = "<group>"; };
		72D39B852CB1511C00D9EB45 /* OrdersCollectionViewCell.swift */ = {isa = PBXFileReference; lastKnownFileType = sourcecode.swift; path = OrdersCollectionViewCell.swift; sourceTree = "<group>"; };
		72D39B872CB1511C00D9EB45 /* AdminPersonalAccountViewController.swift */ = {isa = PBXFileReference; lastKnownFileType = sourcecode.swift; path = AdminPersonalAccountViewController.swift; sourceTree = "<group>"; };
		72D39B882CB1511C00D9EB45 /* AdminProfileViewController.swift */ = {isa = PBXFileReference; lastKnownFileType = sourcecode.swift; path = AdminProfileViewController.swift; sourceTree = "<group>"; };
		72D39B892CB1511C00D9EB45 /* ProfileDetailsCell.swift */ = {isa = PBXFileReference; lastKnownFileType = sourcecode.swift; path = ProfileDetailsCell.swift; sourceTree = "<group>"; };
		72D39B8B2CB1511C00D9EB45 /* AdminSettingsViewController.swift */ = {isa = PBXFileReference; lastKnownFileType = sourcecode.swift; path = AdminSettingsViewController.swift; sourceTree = "<group>"; };
		72D39B8C2CB1511C00D9EB45 /* SettingsCell.swift */ = {isa = PBXFileReference; lastKnownFileType = sourcecode.swift; path = SettingsCell.swift; sourceTree = "<group>"; };
		72D39B8E2CB1511C00D9EB45 /* AdminChatViewController.swift */ = {isa = PBXFileReference; lastKnownFileType = sourcecode.swift; path = AdminChatViewController.swift; sourceTree = "<group>"; };
		9D594A6880D984FC3775947A /* Pods_Dezis.framework */ = {isa = PBXFileReference; explicitFileType = wrapper.framework; includeInIndex = 0; path = Pods_Dezis.framework; sourceTree = BUILT_PRODUCTS_DIR; };
		ABC7905C0E1157EB74B80A5D /* Pods-Dezis.release.xcconfig */ = {isa = PBXFileReference; includeInIndex = 1; lastKnownFileType = text.xcconfig; name = "Pods-Dezis.release.xcconfig"; path = "Target Support Files/Pods-Dezis/Pods-Dezis.release.xcconfig"; sourceTree = "<group>"; };
		AF4B1DCD2C9AE38E00FDA3EC /* Dezis.app */ = {isa = PBXFileReference; explicitFileType = wrapper.application; includeInIndex = 0; path = Dezis.app; sourceTree = BUILT_PRODUCTS_DIR; };
		AF4B1DD02C9AE38E00FDA3EC /* AppDelegate.swift */ = {isa = PBXFileReference; lastKnownFileType = sourcecode.swift; path = AppDelegate.swift; sourceTree = "<group>"; };
		AF4B1DD22C9AE38E00FDA3EC /* SceneDelegate.swift */ = {isa = PBXFileReference; lastKnownFileType = sourcecode.swift; path = SceneDelegate.swift; sourceTree = "<group>"; };
		AF4B1DD92C9AE39000FDA3EC /* Assets.xcassets */ = {isa = PBXFileReference; lastKnownFileType = folder.assetcatalog; path = Assets.xcassets; sourceTree = "<group>"; };
		AF4B1DDC2C9AE39000FDA3EC /* Base */ = {isa = PBXFileReference; lastKnownFileType = file.storyboard; name = Base; path = Base.lproj/LaunchScreen.storyboard; sourceTree = "<group>"; };
		AF4B1DDE2C9AE39000FDA3EC /* Info.plist */ = {isa = PBXFileReference; lastKnownFileType = text.plist.xml; path = Info.plist; sourceTree = "<group>"; };
		AF4B1DE82C9AEEC600FDA3EC /* Profile.swift */ = {isa = PBXFileReference; lastKnownFileType = sourcecode.swift; path = Profile.swift; sourceTree = "<group>"; };
		AF4B1DF02C9B153C00FDA3EC /* HexExtention.swift */ = {isa = PBXFileReference; lastKnownFileType = sourcecode.swift; path = HexExtention.swift; sourceTree = "<group>"; };
		AF4B1DF42C9B28ED00FDA3EC /* ClientLoginViewController.swift */ = {isa = PBXFileReference; lastKnownFileType = sourcecode.swift; path = ClientLoginViewController.swift; sourceTree = "<group>"; };
		AF4B1DF82C9B32A300FDA3EC /* SuccessViewController.swift */ = {isa = PBXFileReference; lastKnownFileType = sourcecode.swift; path = SuccessViewController.swift; sourceTree = "<group>"; };
		AF4B1DFA2C9B42D300FDA3EC /* NewUserRegisterViewController.swift */ = {isa = PBXFileReference; lastKnownFileType = sourcecode.swift; path = NewUserRegisterViewController.swift; sourceTree = "<group>"; };
		AF4B1DFC2C9B52AE00FDA3EC /* СonfirmationСodeViewController.swift */ = {isa = PBXFileReference; lastKnownFileType = sourcecode.swift; path = "СonfirmationСodeViewController.swift"; sourceTree = "<group>"; };
		AF4B1E012C9C17B900FDA3EC /* EndPoint.swift */ = {isa = PBXFileReference; lastKnownFileType = sourcecode.swift; path = EndPoint.swift; sourceTree = "<group>"; };
		AF4B1E042C9C1C8B00FDA3EC /* URLSession+Extension.swift */ = {isa = PBXFileReference; lastKnownFileType = sourcecode.swift; path = "URLSession+Extension.swift"; sourceTree = "<group>"; };
		AF4B1E062C9C1F6000FDA3EC /* NetworkError.swift */ = {isa = PBXFileReference; lastKnownFileType = sourcecode.swift; path = NetworkError.swift; sourceTree = "<group>"; };
		AF4B1E082C9C221000FDA3EC /* NetworkRequest.swift */ = {isa = PBXFileReference; lastKnownFileType = sourcecode.swift; path = NetworkRequest.swift; sourceTree = "<group>"; };
		AF4B1E0A2C9C24D300FDA3EC /* NetworkDataFetch.swift */ = {isa = PBXFileReference; lastKnownFileType = sourcecode.swift; path = NetworkDataFetch.swift; sourceTree = "<group>"; };
		AF4B1E0C2C9D9B3500FDA3EC /* ClientTabBarController.swift */ = {isa = PBXFileReference; lastKnownFileType = sourcecode.swift; path = ClientTabBarController.swift; sourceTree = "<group>"; };
		AF4B1E0E2C9D9B8200FDA3EC /* ClientHomeViewController.swift */ = {isa = PBXFileReference; lastKnownFileType = sourcecode.swift; path = ClientHomeViewController.swift; sourceTree = "<group>"; };
		AF4B1E122C9D9C2F00FDA3EC /* ServicesViewController.swift */ = {isa = PBXFileReference; lastKnownFileType = sourcecode.swift; path = ServicesViewController.swift; sourceTree = "<group>"; };
		AF4B1E142C9D9CB400FDA3EC /* PersonalAccountViewController.swift */ = {isa = PBXFileReference; lastKnownFileType = sourcecode.swift; path = PersonalAccountViewController.swift; sourceTree = "<group>"; };
		AF4B1E162C9FFF3200FDA3EC /* LabelSettings.swift */ = {isa = PBXFileReference; lastKnownFileType = sourcecode.swift; path = LabelSettings.swift; sourceTree = "<group>"; };
		AF4B1E182CA0202000FDA3EC /* TextFieldSettings.swift */ = {isa = PBXFileReference; lastKnownFileType = sourcecode.swift; path = TextFieldSettings.swift; sourceTree = "<group>"; };
		AF4B1E1A2CA0222A00FDA3EC /* ButtonSettings.swift */ = {isa = PBXFileReference; lastKnownFileType = sourcecode.swift; path = ButtonSettings.swift; sourceTree = "<group>"; };
		AF4B1E1C2CA05B5200FDA3EC /* ImageSettings.swift */ = {isa = PBXFileReference; lastKnownFileType = sourcecode.swift; path = ImageSettings.swift; sourceTree = "<group>"; };
		AF4B1E1E2CA06E5500FDA3EC /* SettingsViewController.swift */ = {isa = PBXFileReference; lastKnownFileType = sourcecode.swift; path = SettingsViewController.swift; sourceTree = "<group>"; };
		AF4B1E202CA06E6C00FDA3EC /* UserInfoViewController.swift */ = {isa = PBXFileReference; lastKnownFileType = sourcecode.swift; path = UserInfoViewController.swift; sourceTree = "<group>"; };
		AF4B1E222CA06E7E00FDA3EC /* AboutUsViewController.swift */ = {isa = PBXFileReference; lastKnownFileType = sourcecode.swift; path = AboutUsViewController.swift; sourceTree = "<group>"; };
		AF4B1E252CA0727300FDA3EC /* ClientErrorViewController.swift */ = {isa = PBXFileReference; lastKnownFileType = sourcecode.swift; path = ClientErrorViewController.swift; sourceTree = "<group>"; };
		AF4B1E272CA0729300FDA3EC /* ServerErrorViewController.swift */ = {isa = PBXFileReference; lastKnownFileType = sourcecode.swift; path = ServerErrorViewController.swift; sourceTree = "<group>"; };
		AF4B1E2A2CA0736200FDA3EC /* ClientChatViewController.swift */ = {isa = PBXFileReference; lastKnownFileType = sourcecode.swift; path = ClientChatViewController.swift; sourceTree = "<group>"; };
		AF4B1E2C2CA19C6000FDA3EC /* ChekBoxButton.swift */ = {isa = PBXFileReference; lastKnownFileType = sourcecode.swift; path = ChekBoxButton.swift; sourceTree = "<group>"; };
		AF74D54F2CA7C97B00B64D6E /* KeychainManager.swift */ = {isa = PBXFileReference; lastKnownFileType = sourcecode.swift; path = KeychainManager.swift; sourceTree = "<group>"; };
		AF74D5512CA7EB3200B64D6E /* NewUserRegistratinSecondPageViewController.swift */ = {isa = PBXFileReference; lastKnownFileType = sourcecode.swift; path = NewUserRegistratinSecondPageViewController.swift; sourceTree = "<group>"; };
		AF74D5552CAACEAC00B64D6E /* FirstStackView.swift */ = {isa = PBXFileReference; lastKnownFileType = sourcecode.swift; path = FirstStackView.swift; sourceTree = "<group>"; };
		AF74D55D2CAB1E5400B64D6E /* GradientLayer.swift */ = {isa = PBXFileReference; lastKnownFileType = sourcecode.swift; path = GradientLayer.swift; sourceTree = "<group>"; };
		AF74D5612CAB26CB00B64D6E /* SuccessAlertForOrderButtonViewController.swift */ = {isa = PBXFileReference; lastKnownFileType = sourcecode.swift; path = SuccessAlertForOrderButtonViewController.swift; sourceTree = "<group>"; };
		AF74D5642CAC238600B64D6E /* CustomCellForServicesCollectionView.swift */ = {isa = PBXFileReference; lastKnownFileType = sourcecode.swift; path = CustomCellForServicesCollectionView.swift; sourceTree = "<group>"; };
		AF74D5662CACF36F00B64D6E /* DeratizationViewController.swift */ = {isa = PBXFileReference; lastKnownFileType = sourcecode.swift; path = DeratizationViewController.swift; sourceTree = "<group>"; };
		AF74D5682CACF39400B64D6E /* DezinsectionViewController.swift */ = {isa = PBXFileReference; lastKnownFileType = sourcecode.swift; path = DezinsectionViewController.swift; sourceTree = "<group>"; };
		AF74D56A2CACF3A900B64D6E /* DezinfectionViewController.swift */ = {isa = PBXFileReference; lastKnownFileType = sourcecode.swift; path = DezinfectionViewController.swift; sourceTree = "<group>"; };
		AF74D56C2CAD835C00B64D6E /* CalendarViewController.swift */ = {isa = PBXFileReference; lastKnownFileType = sourcecode.swift; path = CalendarViewController.swift; sourceTree = "<group>"; };
		AF74D56E2CB1171700B64D6E /* FifthOnboardingViewController.swift */ = {isa = PBXFileReference; fileEncoding = 4; lastKnownFileType = sourcecode.swift; path = FifthOnboardingViewController.swift; sourceTree = "<group>"; };
		AF74D56F2CB1171700B64D6E /* FirstOnboardingViewController.swift */ = {isa = PBXFileReference; fileEncoding = 4; lastKnownFileType = sourcecode.swift; path = FirstOnboardingViewController.swift; sourceTree = "<group>"; };
		AF74D5702CB1171700B64D6E /* ForthOnboardingViewController.swift */ = {isa = PBXFileReference; fileEncoding = 4; lastKnownFileType = sourcecode.swift; path = ForthOnboardingViewController.swift; sourceTree = "<group>"; };
		AF74D5712CB1171700B64D6E /* OnboardingPageViewController.swift */ = {isa = PBXFileReference; fileEncoding = 4; lastKnownFileType = sourcecode.swift; path = OnboardingPageViewController.swift; sourceTree = "<group>"; };
		AF74D5722CB1171700B64D6E /* SecondOnboardingViewController.swift */ = {isa = PBXFileReference; fileEncoding = 4; lastKnownFileType = sourcecode.swift; path = SecondOnboardingViewController.swift; sourceTree = "<group>"; };
		AF74D5732CB1171700B64D6E /* ThirdOnboardingViewController.swift */ = {isa = PBXFileReference; fileEncoding = 4; lastKnownFileType = sourcecode.swift; path = ThirdOnboardingViewController.swift; sourceTree = "<group>"; };
		AF74D57B2CB1179C00B64D6E /* LaunchScreen.storyboard */ = {isa = PBXFileReference; fileEncoding = 4; lastKnownFileType = file.storyboard; path = LaunchScreen.storyboard; sourceTree = "<group>"; };
		AF74D57D2CB14B7700B64D6E /* DezinsectionView.swift */ = {isa = PBXFileReference; lastKnownFileType = sourcecode.swift; path = DezinsectionView.swift; sourceTree = "<group>"; };
		AF9F2FEB2CA6BA1A00BBBB2C /* AttributedTextHelper.swift */ = {isa = PBXFileReference; lastKnownFileType = sourcecode.swift; path = AttributedTextHelper.swift; sourceTree = "<group>"; };
		AF9F2FED2CA6D3CF00BBBB2C /* ImagePicker.swift */ = {isa = PBXFileReference; lastKnownFileType = sourcecode.swift; path = ImagePicker.swift; sourceTree = "<group>"; };
		F7FB7E9CD196CCFDB56042EF /* Pods-Dezis.debug.xcconfig */ = {isa = PBXFileReference; includeInIndex = 1; lastKnownFileType = text.xcconfig; name = "Pods-Dezis.debug.xcconfig"; path = "Target Support Files/Pods-Dezis/Pods-Dezis.debug.xcconfig"; sourceTree = "<group>"; };
/* End PBXFileReference section */

/* Begin PBXFrameworksBuildPhase section */
		AF4B1DCA2C9AE38E00FDA3EC /* Frameworks */ = {
			isa = PBXFrameworksBuildPhase;
			buildActionMask = 2147483647;
			files = (
				4061B8DFFEC52EF1268906C9 /* Pods_Dezis.framework in Frameworks */,
			);
			runOnlyForDeploymentPostprocessing = 0;
		};
/* End PBXFrameworksBuildPhase section */

/* Begin PBXGroup section */
		72D39B862CB1511C00D9EB45 /* Orders */ = {
			isa = PBXGroup;
			children = (
				72D39B842CB1511C00D9EB45 /* AdminOrdersViewController.swift */,
				72D39B852CB1511C00D9EB45 /* OrdersCollectionViewCell.swift */,
			);
			path = Orders;
			sourceTree = "<group>";
		};
		72D39B8A2CB1511C00D9EB45 /* Profile */ = {
			isa = PBXGroup;
			children = (
				72D39B882CB1511C00D9EB45 /* AdminProfileViewController.swift */,
				72D39B892CB1511C00D9EB45 /* ProfileDetailsCell.swift */,
			);
			path = Profile;
			sourceTree = "<group>";
		};
		72D39B8D2CB1511C00D9EB45 /* Settings */ = {
			isa = PBXGroup;
			children = (
				72D39B8B2CB1511C00D9EB45 /* AdminSettingsViewController.swift */,
				72D39B8C2CB1511C00D9EB45 /* SettingsCell.swift */,
			);
			path = Settings;
			sourceTree = "<group>";
		};
		72D39B8F2CB1511C00D9EB45 /* Chat */ = {
			isa = PBXGroup;
			children = (
				72D39B8E2CB1511C00D9EB45 /* AdminChatViewController.swift */,
			);
			path = Chat;
			sourceTree = "<group>";
		};
		72D39B902CB1511C00D9EB45 /* AdminViews */ = {
			isa = PBXGroup;
			children = (
				72D39B822CB1511C00D9EB45 /* AdminTabBarController.swift */,
				72D39B832CB1511C00D9EB45 /* AdminHomeViewController.swift */,
				72D39B862CB1511C00D9EB45 /* Orders */,
				72D39B872CB1511C00D9EB45 /* AdminPersonalAccountViewController.swift */,
				72D39B8A2CB1511C00D9EB45 /* Profile */,
				72D39B8D2CB1511C00D9EB45 /* Settings */,
				72D39B8F2CB1511C00D9EB45 /* Chat */,
			);
			path = AdminViews;
			sourceTree = "<group>";
		};
		92F8C4BAC264DDF5D7E47087 /* Pods */ = {
			isa = PBXGroup;
			children = (
				F7FB7E9CD196CCFDB56042EF /* Pods-Dezis.debug.xcconfig */,
				ABC7905C0E1157EB74B80A5D /* Pods-Dezis.release.xcconfig */,
			);
			path = Pods;
			sourceTree = "<group>";
		};
		AF4B1DC42C9AE38E00FDA3EC = {
			isa = PBXGroup;
			children = (
				AF4B1DCF2C9AE38E00FDA3EC /* Dezis */,
				AF4B1DCE2C9AE38E00FDA3EC /* Products */,
				92F8C4BAC264DDF5D7E47087 /* Pods */,
				C763DB0EBC3E8B7B24CC5B50 /* Frameworks */,
			);
			sourceTree = "<group>";
		};
		AF4B1DCE2C9AE38E00FDA3EC /* Products */ = {
			isa = PBXGroup;
			children = (
				AF4B1DCD2C9AE38E00FDA3EC /* Dezis.app */,
			);
			name = Products;
			sourceTree = "<group>";
		};
		AF4B1DCF2C9AE38E00FDA3EC /* Dezis */ = {
			isa = PBXGroup;
			children = (
				AF4B1DFE2C9C0F7800FDA3EC /* Applications */,
				AF4B1DE72C9AEE2100FDA3EC /* TemplatesFiles */,
				AF74D5742CB1171700B64D6E /* OnBoarding */,
				AF4B1DE52C9AE6DF00FDA3EC /* Views */,
				AF4B1E2E2CA2EF6B00FDA3EC /* Presenters */,
				AF4B1E002C9C179800FDA3EC /* Network */,
				AF4B1E032C9C1C1F00FDA3EC /* Extensions */,
				AF4B1DFF2C9C107D00FDA3EC /* Supporting Files */,
			);
			path = Dezis;
			sourceTree = "<group>";
		};
		AF4B1DE52C9AE6DF00FDA3EC /* Views */ = {
			isa = PBXGroup;
			children = (
				AF9F2FE82CA6A72A00BBBB2C /* Chat */,
				AF4B1DF22C9B28A900FDA3EC /* ClientViews */,
				AF4B1DF82C9B32A300FDA3EC /* SuccessViewController.swift */,
				AF4B1E252CA0727300FDA3EC /* ClientErrorViewController.swift */,
				AF4B1E272CA0729300FDA3EC /* ServerErrorViewController.swift */,
				72D39B902CB1511C00D9EB45 /* AdminViews */,
			);
			path = Views;
			sourceTree = "<group>";
		};
		AF4B1DE72C9AEE2100FDA3EC /* TemplatesFiles */ = {
			isa = PBXGroup;
			children = (
				AF4B1DE82C9AEEC600FDA3EC /* Profile.swift */,
				AF4B1E162C9FFF3200FDA3EC /* LabelSettings.swift */,
				AF4B1E182CA0202000FDA3EC /* TextFieldSettings.swift */,
				AF4B1E1A2CA0222A00FDA3EC /* ButtonSettings.swift */,
				AF4B1E1C2CA05B5200FDA3EC /* ImageSettings.swift */,
				AF4B1E2C2CA19C6000FDA3EC /* ChekBoxButton.swift */,
				AF9F2FEB2CA6BA1A00BBBB2C /* AttributedTextHelper.swift */,
				AF9F2FED2CA6D3CF00BBBB2C /* ImagePicker.swift */,
				AF74D54F2CA7C97B00B64D6E /* KeychainManager.swift */,
				AF74D55D2CAB1E5400B64D6E /* GradientLayer.swift */,
			);
			path = TemplatesFiles;
			sourceTree = "<group>";
		};
		AF4B1DF22C9B28A900FDA3EC /* ClientViews */ = {
			isa = PBXGroup;
			children = (
				AF4B1E112C9D9BB700FDA3EC /* ClientLoginViews */,
				AF4B1E102C9D9B9700FDA3EC /* ClientMainViews */,
			);
			path = ClientViews;
			sourceTree = "<group>";
		};
		AF4B1DFE2C9C0F7800FDA3EC /* Applications */ = {
			isa = PBXGroup;
			children = (
				AF4B1DD22C9AE38E00FDA3EC /* SceneDelegate.swift */,
				AF4B1DD02C9AE38E00FDA3EC /* AppDelegate.swift */,
			);
			path = Applications;
			sourceTree = "<group>";
		};
		AF4B1DFF2C9C107D00FDA3EC /* Supporting Files */ = {
			isa = PBXGroup;
			children = (
				AF4B1DDE2C9AE39000FDA3EC /* Info.plist */,
				AF4B1DDB2C9AE39000FDA3EC /* LaunchScreen.storyboard */,
				AF74D57B2CB1179C00B64D6E /* LaunchScreen.storyboard */,
				AF4B1DD92C9AE39000FDA3EC /* Assets.xcassets */,
			);
			path = "Supporting Files";
			sourceTree = "<group>";
		};
		AF4B1E002C9C179800FDA3EC /* Network */ = {
			isa = PBXGroup;
			children = (
				AF4B1E012C9C17B900FDA3EC /* EndPoint.swift */,
				AF4B1E062C9C1F6000FDA3EC /* NetworkError.swift */,
				AF4B1E082C9C221000FDA3EC /* NetworkRequest.swift */,
				AF4B1E0A2C9C24D300FDA3EC /* NetworkDataFetch.swift */,
			);
			path = Network;
			sourceTree = "<group>";
		};
		AF4B1E032C9C1C1F00FDA3EC /* Extensions */ = {
			isa = PBXGroup;
			children = (
				AF4B1DF02C9B153C00FDA3EC /* HexExtention.swift */,
				AF4B1E042C9C1C8B00FDA3EC /* URLSession+Extension.swift */,
			);
			path = Extensions;
			sourceTree = "<group>";
		};
		AF4B1E102C9D9B9700FDA3EC /* ClientMainViews */ = {
			isa = PBXGroup;
			children = (
				AF4B1E0C2C9D9B3500FDA3EC /* ClientTabBarController.swift */,
				AF74D5532CAACE6C00B64D6E /* HomeViews */,
				AF74D5632CAC1EF800B64D6E /* ServicesViews */,
				AF4B1E242CA0721700FDA3EC /* PersonalAccountViews */,
			);
			path = ClientMainViews;
			sourceTree = "<group>";
		};
		AF4B1E112C9D9BB700FDA3EC /* ClientLoginViews */ = {
			isa = PBXGroup;
			children = (
				AF4B1DFA2C9B42D300FDA3EC /* NewUserRegisterViewController.swift */,
				AF74D5512CA7EB3200B64D6E /* NewUserRegistratinSecondPageViewController.swift */,
				AF4B1DFC2C9B52AE00FDA3EC /* СonfirmationСodeViewController.swift */,
				AF4B1DF42C9B28ED00FDA3EC /* ClientLoginViewController.swift */,
			);
			path = ClientLoginViews;
			sourceTree = "<group>";
		};
		AF4B1E242CA0721700FDA3EC /* PersonalAccountViews */ = {
			isa = PBXGroup;
			children = (
				AF4B1E142C9D9CB400FDA3EC /* PersonalAccountViewController.swift */,
				AF4B1E1E2CA06E5500FDA3EC /* SettingsViewController.swift */,
				AF4B1E202CA06E6C00FDA3EC /* UserInfoViewController.swift */,
				AF4B1E222CA06E7E00FDA3EC /* AboutUsViewController.swift */,
			);
			path = PersonalAccountViews;
			sourceTree = "<group>";
		};
		AF4B1E2E2CA2EF6B00FDA3EC /* Presenters */ = {
			isa = PBXGroup;
			children = (
			);
			path = Presenters;
			sourceTree = "<group>";
		};
		AF74D5532CAACE6C00B64D6E /* HomeViews */ = {
			isa = PBXGroup;
			children = (
				AF74D5542CAACE9400B64D6E /* HomeElements */,
				AF4B1E0E2C9D9B8200FDA3EC /* ClientHomeViewController.swift */,
				AF74D5612CAB26CB00B64D6E /* SuccessAlertForOrderButtonViewController.swift */,
			);
			path = HomeViews;
			sourceTree = "<group>";
		};
		AF74D5542CAACE9400B64D6E /* HomeElements */ = {
			isa = PBXGroup;
			children = (
				AF74D5552CAACEAC00B64D6E /* FirstStackView.swift */,
				AF74D57D2CB14B7700B64D6E /* DezinsectionView.swift */,
			);
			path = HomeElements;
			sourceTree = "<group>";
		};
		AF74D5632CAC1EF800B64D6E /* ServicesViews */ = {
			isa = PBXGroup;
			children = (
				AF4B1E122C9D9C2F00FDA3EC /* ServicesViewController.swift */,
				AF74D5642CAC238600B64D6E /* CustomCellForServicesCollectionView.swift */,
				AF74D5662CACF36F00B64D6E /* DeratizationViewController.swift */,
				AF74D5682CACF39400B64D6E /* DezinsectionViewController.swift */,
				AF74D56A2CACF3A900B64D6E /* DezinfectionViewController.swift */,
				AF74D56C2CAD835C00B64D6E /* CalendarViewController.swift */,
			);
			path = ServicesViews;
			sourceTree = "<group>";
		};
		AF74D5742CB1171700B64D6E /* OnBoarding */ = {
			isa = PBXGroup;
			children = (
				AF74D56F2CB1171700B64D6E /* FirstOnboardingViewController.swift */,
				AF74D5722CB1171700B64D6E /* SecondOnboardingViewController.swift */,
				AF74D5732CB1171700B64D6E /* ThirdOnboardingViewController.swift */,
				AF74D5702CB1171700B64D6E /* ForthOnboardingViewController.swift */,
				AF74D56E2CB1171700B64D6E /* FifthOnboardingViewController.swift */,
				AF74D5712CB1171700B64D6E /* OnboardingPageViewController.swift */,
			);
			path = OnBoarding;
			sourceTree = "<group>";
		};
		AF9F2FE82CA6A72A00BBBB2C /* Chat */ = {
			isa = PBXGroup;
			children = (
				AF4B1E2A2CA0736200FDA3EC /* ClientChatViewController.swift */,
			);
			path = Chat;
			sourceTree = "<group>";
		};
		C763DB0EBC3E8B7B24CC5B50 /* Frameworks */ = {
			isa = PBXGroup;
			children = (
				9D594A6880D984FC3775947A /* Pods_Dezis.framework */,
			);
			name = Frameworks;
			sourceTree = "<group>";
		};
/* End PBXGroup section */

/* Begin PBXNativeTarget section */
		AF4B1DCC2C9AE38E00FDA3EC /* Dezis */ = {
			isa = PBXNativeTarget;
			buildConfigurationList = AF4B1DE12C9AE39000FDA3EC /* Build configuration list for PBXNativeTarget "Dezis" */;
			buildPhases = (
				4A54431F471E028B3818FA8D /* [CP] Check Pods Manifest.lock */,
				AF4B1DC92C9AE38E00FDA3EC /* Sources */,
				AF4B1DCA2C9AE38E00FDA3EC /* Frameworks */,
				AF4B1DCB2C9AE38E00FDA3EC /* Resources */,
				71E139D973546DA5615A0A9F /* [CP] Embed Pods Frameworks */,
			);
			buildRules = (
			);
			dependencies = (
			);
			name = Dezis;
			productName = Dezis;
			productReference = AF4B1DCD2C9AE38E00FDA3EC /* Dezis.app */;
			productType = "com.apple.product-type.application";
		};
/* End PBXNativeTarget section */

/* Begin PBXProject section */
		AF4B1DC52C9AE38E00FDA3EC /* Project object */ = {
			isa = PBXProject;
			attributes = {
				BuildIndependentTargetsInParallel = 1;
				LastSwiftUpdateCheck = 1530;
				LastUpgradeCheck = 1530;
				TargetAttributes = {
					AF4B1DCC2C9AE38E00FDA3EC = {
						CreatedOnToolsVersion = 15.3;
					};
				};
			};
			buildConfigurationList = AF4B1DC82C9AE38E00FDA3EC /* Build configuration list for PBXProject "Dezis" */;
			compatibilityVersion = "Xcode 14.0";
			developmentRegion = en;
			hasScannedForEncodings = 0;
			knownRegions = (
				en,
				Base,
			);
			mainGroup = AF4B1DC42C9AE38E00FDA3EC;
			productRefGroup = AF4B1DCE2C9AE38E00FDA3EC /* Products */;
			projectDirPath = "";
			projectRoot = "";
			targets = (
				AF4B1DCC2C9AE38E00FDA3EC /* Dezis */,
			);
		};
/* End PBXProject section */

/* Begin PBXResourcesBuildPhase section */
		AF4B1DCB2C9AE38E00FDA3EC /* Resources */ = {
			isa = PBXResourcesBuildPhase;
			buildActionMask = 2147483647;
			files = (
				AF74D57C2CB1179C00B64D6E /* LaunchScreen.storyboard in Resources */,
				AF4B1DDA2C9AE39000FDA3EC /* Assets.xcassets in Resources */,
				AF4B1DDD2C9AE39000FDA3EC /* Base in Resources */,
			);
			runOnlyForDeploymentPostprocessing = 0;
		};
/* End PBXResourcesBuildPhase section */

/* Begin PBXShellScriptBuildPhase section */
		4A54431F471E028B3818FA8D /* [CP] Check Pods Manifest.lock */ = {
			isa = PBXShellScriptBuildPhase;
			buildActionMask = 2147483647;
			files = (
			);
			inputFileListPaths = (
			);
			inputPaths = (
				"${PODS_PODFILE_DIR_PATH}/Podfile.lock",
				"${PODS_ROOT}/Manifest.lock",
			);
			name = "[CP] Check Pods Manifest.lock";
			outputFileListPaths = (
			);
			outputPaths = (
				"$(DERIVED_FILE_DIR)/Pods-Dezis-checkManifestLockResult.txt",
			);
			runOnlyForDeploymentPostprocessing = 0;
			shellPath = /bin/sh;
			shellScript = "diff \"${PODS_PODFILE_DIR_PATH}/Podfile.lock\" \"${PODS_ROOT}/Manifest.lock\" > /dev/null\nif [ $? != 0 ] ; then\n    # print error to STDERR\n    echo \"error: The sandbox is not in sync with the Podfile.lock. Run 'pod install' or update your CocoaPods installation.\" >&2\n    exit 1\nfi\n# This output is used by Xcode 'outputs' to avoid re-running this script phase.\necho \"SUCCESS\" > \"${SCRIPT_OUTPUT_FILE_0}\"\n";
			showEnvVarsInLog = 0;
		};
		71E139D973546DA5615A0A9F /* [CP] Embed Pods Frameworks */ = {
			isa = PBXShellScriptBuildPhase;
			buildActionMask = 2147483647;
			files = (
			);
			inputFileListPaths = (
				"${PODS_ROOT}/Target Support Files/Pods-Dezis/Pods-Dezis-frameworks-${CONFIGURATION}-input-files.xcfilelist",
			);
			name = "[CP] Embed Pods Frameworks";
			outputFileListPaths = (
				"${PODS_ROOT}/Target Support Files/Pods-Dezis/Pods-Dezis-frameworks-${CONFIGURATION}-output-files.xcfilelist",
			);
			runOnlyForDeploymentPostprocessing = 0;
			shellPath = /bin/sh;
			shellScript = "\"${PODS_ROOT}/Target Support Files/Pods-Dezis/Pods-Dezis-frameworks.sh\"\n";
			showEnvVarsInLog = 0;
		};
/* End PBXShellScriptBuildPhase section */

/* Begin PBXSourcesBuildPhase section */
		AF4B1DC92C9AE38E00FDA3EC /* Sources */ = {
			isa = PBXSourcesBuildPhase;
			buildActionMask = 2147483647;
			files = (
				AF74D5762CB1171700B64D6E /* FirstOnboardingViewController.swift in Sources */,
				AF74D5772CB1171700B64D6E /* ForthOnboardingViewController.swift in Sources */,
				AF74D56D2CAD835C00B64D6E /* CalendarViewController.swift in Sources */,
				AF4B1E0F2C9D9B8200FDA3EC /* ClientHomeViewController.swift in Sources */,
				AF74D5752CB1171700B64D6E /* FifthOnboardingViewController.swift in Sources */,
				AF74D5652CAC238600B64D6E /* CustomCellForServicesCollectionView.swift in Sources */,
				AF74D5782CB1171700B64D6E /* OnboardingPageViewController.swift in Sources */,
				AF4B1E232CA06E7E00FDA3EC /* AboutUsViewController.swift in Sources */,
				AF4B1E262CA0727300FDA3EC /* ClientErrorViewController.swift in Sources */,
				AF4B1E132C9D9C2F00FDA3EC /* ServicesViewController.swift in Sources */,
				72D39B912CB1511C00D9EB45 /* AdminTabBarController.swift in Sources */,
				72D39B922CB1511C00D9EB45 /* AdminHomeViewController.swift in Sources */,
				72D39B932CB1511C00D9EB45 /* AdminChatViewController.swift in Sources */,
				72D39B942CB1511C00D9EB45 /* AdminProfileViewController.swift in Sources */,
				72D39B962CB1511C00D9EB45 /* SettingsCell.swift in Sources */,
				72D39B982CB1511C00D9EB45 /* AdminOrdersViewController.swift in Sources */,
				72D39B992CB1511C00D9EB45 /* OrdersCollectionViewCell.swift in Sources */,
				72D39B9A2CB1511C00D9EB45 /* AdminPersonalAccountViewController.swift in Sources */,
				72D39B9B2CB1511C00D9EB45 /* AdminSettingsViewController.swift in Sources */,
				72D39B9C2CB1511C00D9EB45 /* ProfileDetailsCell.swift in Sources */,
				AF4B1E2B2CA0736200FDA3EC /* ClientChatViewController.swift in Sources */,
				AF4B1E282CA0729300FDA3EC /* ServerErrorViewController.swift in Sources */,
				AF74D5692CACF39400B64D6E /* DezinsectionViewController.swift in Sources */,
				AF4B1E072C9C1F6000FDA3EC /* NetworkError.swift in Sources */,
				AF4B1DF92C9B32A300FDA3EC /* SuccessViewController.swift in Sources */,
				AF4B1E172C9FFF3200FDA3EC /* LabelSettings.swift in Sources */,
				AF74D5522CA7EB3200B64D6E /* NewUserRegistratinSecondPageViewController.swift in Sources */,
				AF4B1DE92C9AEEC600FDA3EC /* Profile.swift in Sources */,
				AF4B1E092C9C221000FDA3EC /* NetworkRequest.swift in Sources */,
				AF74D57A2CB1171700B64D6E /* ThirdOnboardingViewController.swift in Sources */,
				AF74D5622CAB26CB00B64D6E /* SuccessAlertForOrderButtonViewController.swift in Sources */,
				AF9F2FEE2CA6D3CF00BBBB2C /* ImagePicker.swift in Sources */,
				AF4B1E1F2CA06E5500FDA3EC /* SettingsViewController.swift in Sources */,
				AF74D5672CACF36F00B64D6E /* DeratizationViewController.swift in Sources */,
				AF74D56B2CACF3A900B64D6E /* DezinfectionViewController.swift in Sources */,
				AF9F2FEC2CA6BA1A00BBBB2C /* AttributedTextHelper.swift in Sources */,
				AF4B1DFB2C9B42D300FDA3EC /* NewUserRegisterViewController.swift in Sources */,
				AF74D57E2CB14B7700B64D6E /* DezinsectionView.swift in Sources */,
				AF74D5792CB1171700B64D6E /* SecondOnboardingViewController.swift in Sources */,
				AF4B1E0D2C9D9B3500FDA3EC /* ClientTabBarController.swift in Sources */,
				AF4B1E1D2CA05B5200FDA3EC /* ImageSettings.swift in Sources */,
				AF4B1E192CA0202000FDA3EC /* TextFieldSettings.swift in Sources */,
				AF4B1E1B2CA0222A00FDA3EC /* ButtonSettings.swift in Sources */,
				AF74D55E2CAB1E5400B64D6E /* GradientLayer.swift in Sources */,
				AF74D5502CA7C97B00B64D6E /* KeychainManager.swift in Sources */,
				AF4B1E152C9D9CB400FDA3EC /* PersonalAccountViewController.swift in Sources */,
				AF4B1DF52C9B28ED00FDA3EC /* ClientLoginViewController.swift in Sources */,
				AF4B1E022C9C17BA00FDA3EC /* EndPoint.swift in Sources */,
				AF4B1DF12C9B153C00FDA3EC /* HexExtention.swift in Sources */,
				AF4B1E212CA06E6C00FDA3EC /* UserInfoViewController.swift in Sources */,
				AF4B1E2D2CA19C6000FDA3EC /* ChekBoxButton.swift in Sources */,
				AF4B1DD12C9AE38E00FDA3EC /* AppDelegate.swift in Sources */,
				AF4B1E052C9C1C8B00FDA3EC /* URLSession+Extension.swift in Sources */,
				AF4B1DFD2C9B52AE00FDA3EC /* СonfirmationСodeViewController.swift in Sources */,
				AF4B1DD32C9AE38E00FDA3EC /* SceneDelegate.swift in Sources */,
				AF74D5562CAACEAC00B64D6E /* FirstStackView.swift in Sources */,
				AF4B1E0B2C9C24D300FDA3EC /* NetworkDataFetch.swift in Sources */,
			);
			runOnlyForDeploymentPostprocessing = 0;
		};
/* End PBXSourcesBuildPhase section */

/* Begin PBXVariantGroup section */
		AF4B1DDB2C9AE39000FDA3EC /* LaunchScreen.storyboard */ = {
			isa = PBXVariantGroup;
			children = (
				AF4B1DDC2C9AE39000FDA3EC /* Base */,
			);
			name = LaunchScreen.storyboard;
			sourceTree = "<group>";
		};
/* End PBXVariantGroup section */

/* Begin XCBuildConfiguration section */
		AF4B1DDF2C9AE39000FDA3EC /* Debug */ = {
			isa = XCBuildConfiguration;
			buildSettings = {
				ALWAYS_SEARCH_USER_PATHS = NO;
				ASSETCATALOG_COMPILER_GENERATE_SWIFT_ASSET_SYMBOL_EXTENSIONS = YES;
				CLANG_ANALYZER_NONNULL = YES;
				CLANG_ANALYZER_NUMBER_OBJECT_CONVERSION = YES_AGGRESSIVE;
				CLANG_CXX_LANGUAGE_STANDARD = "gnu++20";
				CLANG_ENABLE_MODULES = YES;
				CLANG_ENABLE_OBJC_ARC = YES;
				CLANG_ENABLE_OBJC_WEAK = YES;
				CLANG_WARN_BLOCK_CAPTURE_AUTORELEASING = YES;
				CLANG_WARN_BOOL_CONVERSION = YES;
				CLANG_WARN_COMMA = YES;
				CLANG_WARN_CONSTANT_CONVERSION = YES;
				CLANG_WARN_DEPRECATED_OBJC_IMPLEMENTATIONS = YES;
				CLANG_WARN_DIRECT_OBJC_ISA_USAGE = YES_ERROR;
				CLANG_WARN_DOCUMENTATION_COMMENTS = YES;
				CLANG_WARN_EMPTY_BODY = YES;
				CLANG_WARN_ENUM_CONVERSION = YES;
				CLANG_WARN_INFINITE_RECURSION = YES;
				CLANG_WARN_INT_CONVERSION = YES;
				CLANG_WARN_NON_LITERAL_NULL_CONVERSION = YES;
				CLANG_WARN_OBJC_IMPLICIT_RETAIN_SELF = YES;
				CLANG_WARN_OBJC_LITERAL_CONVERSION = YES;
				CLANG_WARN_OBJC_ROOT_CLASS = YES_ERROR;
				CLANG_WARN_QUOTED_INCLUDE_IN_FRAMEWORK_HEADER = YES;
				CLANG_WARN_RANGE_LOOP_ANALYSIS = YES;
				CLANG_WARN_STRICT_PROTOTYPES = YES;
				CLANG_WARN_SUSPICIOUS_MOVE = YES;
				CLANG_WARN_UNGUARDED_AVAILABILITY = YES_AGGRESSIVE;
				CLANG_WARN_UNREACHABLE_CODE = YES;
				CLANG_WARN__DUPLICATE_METHOD_MATCH = YES;
				COPY_PHASE_STRIP = NO;
				DEBUG_INFORMATION_FORMAT = dwarf;
				ENABLE_STRICT_OBJC_MSGSEND = YES;
				ENABLE_TESTABILITY = YES;
				ENABLE_USER_SCRIPT_SANDBOXING = YES;
				GCC_C_LANGUAGE_STANDARD = gnu17;
				GCC_DYNAMIC_NO_PIC = NO;
				GCC_NO_COMMON_BLOCKS = YES;
				GCC_OPTIMIZATION_LEVEL = 0;
				GCC_PREPROCESSOR_DEFINITIONS = (
					"DEBUG=1",
					"$(inherited)",
				);
				GCC_WARN_64_TO_32_BIT_CONVERSION = YES;
				GCC_WARN_ABOUT_RETURN_TYPE = YES_ERROR;
				GCC_WARN_UNDECLARED_SELECTOR = YES;
				GCC_WARN_UNINITIALIZED_AUTOS = YES_AGGRESSIVE;
				GCC_WARN_UNUSED_FUNCTION = YES;
				GCC_WARN_UNUSED_VARIABLE = YES;
				IPHONEOS_DEPLOYMENT_TARGET = 16.0;
				LOCALIZATION_PREFERS_STRING_CATALOGS = YES;
				MTL_ENABLE_DEBUG_INFO = INCLUDE_SOURCE;
				MTL_FAST_MATH = YES;
				ONLY_ACTIVE_ARCH = YES;
				SDKROOT = iphoneos;
				SWIFT_ACTIVE_COMPILATION_CONDITIONS = "DEBUG $(inherited)";
				SWIFT_OPTIMIZATION_LEVEL = "-Onone";
			};
			name = Debug;
		};
		AF4B1DE02C9AE39000FDA3EC /* Release */ = {
			isa = XCBuildConfiguration;
			buildSettings = {
				ALWAYS_SEARCH_USER_PATHS = NO;
				ASSETCATALOG_COMPILER_GENERATE_SWIFT_ASSET_SYMBOL_EXTENSIONS = YES;
				CLANG_ANALYZER_NONNULL = YES;
				CLANG_ANALYZER_NUMBER_OBJECT_CONVERSION = YES_AGGRESSIVE;
				CLANG_CXX_LANGUAGE_STANDARD = "gnu++20";
				CLANG_ENABLE_MODULES = YES;
				CLANG_ENABLE_OBJC_ARC = YES;
				CLANG_ENABLE_OBJC_WEAK = YES;
				CLANG_WARN_BLOCK_CAPTURE_AUTORELEASING = YES;
				CLANG_WARN_BOOL_CONVERSION = YES;
				CLANG_WARN_COMMA = YES;
				CLANG_WARN_CONSTANT_CONVERSION = YES;
				CLANG_WARN_DEPRECATED_OBJC_IMPLEMENTATIONS = YES;
				CLANG_WARN_DIRECT_OBJC_ISA_USAGE = YES_ERROR;
				CLANG_WARN_DOCUMENTATION_COMMENTS = YES;
				CLANG_WARN_EMPTY_BODY = YES;
				CLANG_WARN_ENUM_CONVERSION = YES;
				CLANG_WARN_INFINITE_RECURSION = YES;
				CLANG_WARN_INT_CONVERSION = YES;
				CLANG_WARN_NON_LITERAL_NULL_CONVERSION = YES;
				CLANG_WARN_OBJC_IMPLICIT_RETAIN_SELF = YES;
				CLANG_WARN_OBJC_LITERAL_CONVERSION = YES;
				CLANG_WARN_OBJC_ROOT_CLASS = YES_ERROR;
				CLANG_WARN_QUOTED_INCLUDE_IN_FRAMEWORK_HEADER = YES;
				CLANG_WARN_RANGE_LOOP_ANALYSIS = YES;
				CLANG_WARN_STRICT_PROTOTYPES = YES;
				CLANG_WARN_SUSPICIOUS_MOVE = YES;
				CLANG_WARN_UNGUARDED_AVAILABILITY = YES_AGGRESSIVE;
				CLANG_WARN_UNREACHABLE_CODE = YES;
				CLANG_WARN__DUPLICATE_METHOD_MATCH = YES;
				COPY_PHASE_STRIP = NO;
				DEBUG_INFORMATION_FORMAT = "dwarf-with-dsym";
				ENABLE_NS_ASSERTIONS = NO;
				ENABLE_STRICT_OBJC_MSGSEND = YES;
				ENABLE_USER_SCRIPT_SANDBOXING = YES;
				GCC_C_LANGUAGE_STANDARD = gnu17;
				GCC_NO_COMMON_BLOCKS = YES;
				GCC_WARN_64_TO_32_BIT_CONVERSION = YES;
				GCC_WARN_ABOUT_RETURN_TYPE = YES_ERROR;
				GCC_WARN_UNDECLARED_SELECTOR = YES;
				GCC_WARN_UNINITIALIZED_AUTOS = YES_AGGRESSIVE;
				GCC_WARN_UNUSED_FUNCTION = YES;
				GCC_WARN_UNUSED_VARIABLE = YES;
				IPHONEOS_DEPLOYMENT_TARGET = 16.0;
				LOCALIZATION_PREFERS_STRING_CATALOGS = YES;
				MTL_ENABLE_DEBUG_INFO = NO;
				MTL_FAST_MATH = YES;
				SDKROOT = iphoneos;
				SWIFT_COMPILATION_MODE = wholemodule;
				VALIDATE_PRODUCT = YES;
			};
			name = Release;
		};
		AF4B1DE22C9AE39000FDA3EC /* Debug */ = {
			isa = XCBuildConfiguration;
			baseConfigurationReference = F7FB7E9CD196CCFDB56042EF /* Pods-Dezis.debug.xcconfig */;
			buildSettings = {
				ASSETCATALOG_COMPILER_APPICON_NAME = AppIcon;
				ASSETCATALOG_COMPILER_GLOBAL_ACCENT_COLOR_NAME = AccentColor;
				CODE_SIGN_STYLE = Automatic;
				CURRENT_PROJECT_VERSION = 1;
				DEVELOPMENT_TEAM = H26KGNHNNP;
				ENABLE_USER_SCRIPT_SANDBOXING = NO;
				GENERATE_INFOPLIST_FILE = YES;
				INFOPLIST_FILE = "Dezis/Supporting Files/Info.plist";
				INFOPLIST_KEY_NSCameraUsageDescription = "Add Photo";
				INFOPLIST_KEY_NSPhotoLibraryUsageDescription = "Add Picture";
				INFOPLIST_KEY_UIApplicationSupportsIndirectInputEvents = YES;
				INFOPLIST_KEY_UILaunchStoryboardName = LaunchScreen;
				INFOPLIST_KEY_UISupportedInterfaceOrientations_iPad = "UIInterfaceOrientationPortrait UIInterfaceOrientationPortraitUpsideDown UIInterfaceOrientationLandscapeLeft UIInterfaceOrientationLandscapeRight";
				INFOPLIST_KEY_UISupportedInterfaceOrientations_iPhone = "UIInterfaceOrientationPortrait UIInterfaceOrientationLandscapeLeft UIInterfaceOrientationLandscapeRight";
				IPHONEOS_DEPLOYMENT_TARGET = 16.0;
				LD_RUNPATH_SEARCH_PATHS = (
					"$(inherited)",
					"@executable_path/Frameworks",
				);
				MARKETING_VERSION = 1.0;
				PRODUCT_BUNDLE_IDENTIFIER = com.tatu.Dezis;
				PRODUCT_NAME = "$(TARGET_NAME)";
				SWIFT_EMIT_LOC_STRINGS = YES;
				SWIFT_VERSION = 5.0;
				TARGETED_DEVICE_FAMILY = "1,2";
			};
			name = Debug;
		};
		AF4B1DE32C9AE39000FDA3EC /* Release */ = {
			isa = XCBuildConfiguration;
			baseConfigurationReference = ABC7905C0E1157EB74B80A5D /* Pods-Dezis.release.xcconfig */;
			buildSettings = {
				ASSETCATALOG_COMPILER_APPICON_NAME = AppIcon;
				ASSETCATALOG_COMPILER_GLOBAL_ACCENT_COLOR_NAME = AccentColor;
				CODE_SIGN_STYLE = Automatic;
				CURRENT_PROJECT_VERSION = 1;
				DEVELOPMENT_TEAM = H26KGNHNNP;
				ENABLE_USER_SCRIPT_SANDBOXING = NO;
				GENERATE_INFOPLIST_FILE = YES;
				INFOPLIST_FILE = "Dezis/Supporting Files/Info.plist";
				INFOPLIST_KEY_NSCameraUsageDescription = "Add Photo";
				INFOPLIST_KEY_NSPhotoLibraryUsageDescription = "Add Picture";
				INFOPLIST_KEY_UIApplicationSupportsIndirectInputEvents = YES;
				INFOPLIST_KEY_UILaunchStoryboardName = LaunchScreen;
				INFOPLIST_KEY_UISupportedInterfaceOrientations_iPad = "UIInterfaceOrientationPortrait UIInterfaceOrientationPortraitUpsideDown UIInterfaceOrientationLandscapeLeft UIInterfaceOrientationLandscapeRight";
				INFOPLIST_KEY_UISupportedInterfaceOrientations_iPhone = "UIInterfaceOrientationPortrait UIInterfaceOrientationLandscapeLeft UIInterfaceOrientationLandscapeRight";
				IPHONEOS_DEPLOYMENT_TARGET = 16.0;
				LD_RUNPATH_SEARCH_PATHS = (
					"$(inherited)",
					"@executable_path/Frameworks",
				);
				MARKETING_VERSION = 1.0;
				PRODUCT_BUNDLE_IDENTIFIER = com.tatu.Dezis;
				PRODUCT_NAME = "$(TARGET_NAME)";
				SWIFT_EMIT_LOC_STRINGS = YES;
				SWIFT_VERSION = 5.0;
				TARGETED_DEVICE_FAMILY = "1,2";
			};
			name = Release;
		};
/* End XCBuildConfiguration section */

/* Begin XCConfigurationList section */
		AF4B1DC82C9AE38E00FDA3EC /* Build configuration list for PBXProject "Dezis" */ = {
			isa = XCConfigurationList;
			buildConfigurations = (
				AF4B1DDF2C9AE39000FDA3EC /* Debug */,
				AF4B1DE02C9AE39000FDA3EC /* Release */,
			);
			defaultConfigurationIsVisible = 0;
			defaultConfigurationName = Release;
		};
		AF4B1DE12C9AE39000FDA3EC /* Build configuration list for PBXNativeTarget "Dezis" */ = {
			isa = XCConfigurationList;
			buildConfigurations = (
				AF4B1DE22C9AE39000FDA3EC /* Debug */,
				AF4B1DE32C9AE39000FDA3EC /* Release */,
			);
			defaultConfigurationIsVisible = 0;
			defaultConfigurationName = Release;
		};
/* End XCConfigurationList section */
	};
	rootObject = AF4B1DC52C9AE38E00FDA3EC /* Project object */;
}
